
Microsoft Visual Studio Solution File, Format Version 12.00
# Visual Studio 2013
VisualStudioVersion = 12.0.21005.1
MinimumVisualStudioVersion = 10.0.40219.1
Project("{FAE04EC0-301F-11D3-BF4B-00C04F79EFBC}") = "ReadAllText", "ReadAllText\ReadAllText.csproj", "{F3A44856-96E8-446D-AF67-04C1EC55F146}"
EndProject
Project("{2150E333-8FDC-42A3-9474-1A3956D46DE8}") = "Unfiled", "Unfiled", "{DFECA4E2-AB0E-45AB-8A0F-94BABDB8EEE0}"
EndProject
Global
	GlobalSection(SolutionConfigurationPlatforms) = preSolution
		Debug|Any CPU = Debug|Any CPU
		Release|Any CPU = Release|Any CPU
	EndGlobalSection
	GlobalSection(ProjectConfigurationPlatforms) = postSolution
		{F3A44856-96E8-446D-AF67-04C1EC55F146}.Debug|Any CPU.ActiveCfg = Debug|Any CPU
		{F3A44856-96E8-446D-AF67-04C1EC55F146}.Debug|Any CPU.Build.0 = Debug|Any CPU
		{F3A44856-96E8-446D-AF67-04C1EC55F146}.Release|Any CPU.ActiveCfg = Release|Any CPU
		{F3A44856-96E8-446D-AF67-04C1EC55F146}.Release|Any CPU.Build.0 = Release|Any CPU
	EndGlobalSection
	GlobalSection(SolutionProperties) = preSolution
		HideSolutionNode = FALSE
	EndGlobalSection
EndGlobal
