
Microsoft Visual Studio Solution File, Format Version 12.00
# Visual Studio 2012
Project("{FAE04EC0-301F-11D3-BF4B-00C04F79EFBC}") = "ModelItemExample", "ModelItemExample\ModelItemExample.csproj", "{885FB5D2-6B97-4962-A824-4178F2B3995D}"
EndProject
Global
	GlobalSection(SolutionConfigurationPlatforms) = preSolution
		Debug|Any CPU = Debug|Any CPU
		Release|Any CPU = Release|Any CPU
	EndGlobalSection
	GlobalSection(ProjectConfigurationPlatforms) = postSolution
		{885FB5D2-6B97-4962-A824-4178F2B3995D}.Debug|Any CPU.ActiveCfg = Debug|Any CPU
		{885FB5D2-6B97-4962-A824-4178F2B3995D}.Debug|Any CPU.Build.0 = Debug|Any CPU
		{885FB5D2-6B97-4962-A824-4178F2B3995D}.Release|Any CPU.ActiveCfg = Release|Any CPU
		{885FB5D2-6B97-4962-A824-4178F2B3995D}.Release|Any CPU.Build.0 = Release|Any CPU
	EndGlobalSection
	GlobalSection(SolutionProperties) = preSolution
		HideSolutionNode = FALSE
	EndGlobalSection
EndGlobal
