
Microsoft Visual Studio Solution File, Format Version 12.00
# Visual Studio 2012
Project("{FAE04EC0-301F-11D3-BF4B-00C04F79EFBC}") = "AutomaticValidation", "AutomaticValidation\AutomaticValidation.csproj", "{FE763CE0-D720-4AD3-B021-7C03F842D537}"
EndProject
Global
	GlobalSection(SolutionConfigurationPlatforms) = preSolution
		Debug|Any CPU = Debug|Any CPU
		Release|Any CPU = Release|Any CPU
	EndGlobalSection
	GlobalSection(ProjectConfigurationPlatforms) = postSolution
		{FE763CE0-D720-4AD3-B021-7C03F842D537}.Debug|Any CPU.ActiveCfg = Debug|Any CPU
		{FE763CE0-D720-4AD3-B021-7C03F842D537}.Debug|Any CPU.Build.0 = Debug|Any CPU
		{FE763CE0-D720-4AD3-B021-7C03F842D537}.Release|Any CPU.ActiveCfg = Release|Any CPU
		{FE763CE0-D720-4AD3-B021-7C03F842D537}.Release|Any CPU.Build.0 = Release|Any CPU
	EndGlobalSection
	GlobalSection(SolutionProperties) = preSolution
		HideSolutionNode = FALSE
	EndGlobalSection
EndGlobal
